lockfileVersion: '9.0'

settings:
  autoInstallPeers: true
  excludeLinksFromLockfile: false

importers:

  .:
    dependencies:
      '@arg/shared':
        specifier: workspace:*
        version: link:../../packages/shared
      '@radix-ui/react-alert-dialog':
        specifier: ^1.1.18
        version: 1.1.18(react-dom@18.3.1(react@18.3.1))(react@18.3.1)
      '@radix-ui/react-checkbox':
        specifier: ^1.3.6
        version: 1.3.6(react-dom@18.3.1(react@18.3.1))(react@18.3.1)
      '@radix-ui/react-dropdown-menu':
        specifier: ^2.1.19
        version: 2.1.19(react-dom@18.3.1(react@18.3.1))(react@18.3.1)
      '@radix-ui/react-scroll-area':
        specifier: ^1.2.13
        version: 1.2.13(react-dom@18.3.1(react@18.3.1))(react@18.3.1)
      '@radix-ui/react-select':
        specifier: ^2.3.2
        version: 2.3.2(react-dom@18.3.1(react@18.3.1))(react@18.3.1)
      '@radix-ui/react-separator':
        specifier: ^1.1.11
        version: 1.1.11(react-dom@18.3.1(react@18.3.1))(react@18.3.1)
      '@radix-ui/react-switch':
        specifier: ^1.3.2
        version: 1.3.2(react-dom@18.3.1(react@18.3.1))(react@18.3.1)
      '@radix-ui/react-tooltip':
        specifier: ^1.2.11
        version: 1.2.11(react-dom@18.3.1(react@18.3.1))(react@18.3.1)
      react:
        specifier: ^18.3.1
        version: 18.3.1
      react-dom:
        specifier: ^18.3.1
        version: 18.3.1(react@18.3.1)

packages:

  '@floating-ui/core@1.7.5':
    resolution: {integrity: sha512-1Ih4WTWyw0+lKyFMcBHGbb5U5FtuHJuujoyyr5zTaWS5EYMeT6Jb2AuDeftsCsEuchO+mM2ij5+q9crhydzLhQ==}

  '@floating-ui/dom@1.7.6':
    resolution: {integrity: sha512-9gZSAI5XM36880PPMm//9dfiEngYoC6Am2izES1FF406YFsjvyBMmeJ2g4SAju3xWwtuynNRFL2s9hgxpLI5SQ==}

  '@floating-ui/react-dom@2.1.8':
    resolution: {integrity: sha512-cC52bHwM/n/CxS87FH0yWdngEZrjdtLW/qVruo68qg+prK7ZQ4YGdut2GyDVpoGeAYe/h899rVeOVm6Oi40k2A==}
    peerDependencies:
      react: '>=16.8.0'
      react-dom: '>=16.8.0'

  '@floating-ui/utils@0.2.11':
    resolution: {integrity: sha512-RiB/yIh78pcIxl6lLMG0CgBXAZ2Y0eVHqMPYugu+9U0AeT6YBeiJpf7lbdJNIugFP5SIjwNRgo4DhR1Qxi26Gg==}

  '@radix-ui/number@1.1.2':
    resolution: {integrity: sha512-ceTwaxc4I5IOi97DgCotl3pqiyRGvffcc0oOsE2dQYaJOFIDsDt4VWG6xEbg1QePv9QWausCEIppud/tJ1wNig==}

  '@radix-ui/primitive@1.1.4':
    resolution: {integrity: sha512-7AdCK9PQyiljKoBDbN8OuctCbd/esdwZPQ8RtOE3SsyQtUpiPb+ND75q0jEhC1m1ecBI0MFNeLJvwIh9iKHRcQ==}

  '@radix-ui/react-alert-dialog@1.1.18':
    resolution: {integrity: sha512-6c2cXpNlAgHDhKguK24XcWHHayMpK+lk7/WwBXBco+ZJ4Dv7xP++GBM280KgTD/HCRu3jSdfe8WQiZssonYaIA==}
    peerDependencies:
      '@types/react': '*'
      '@types/react-dom': '*'
      react: ^16.8 || ^17.0 || ^18.0 || ^19.0 || ^19.0.0-rc
      react-dom: ^16.8 || ^17.0 || ^18.0 || ^19.0 || ^19.0.0-rc
    peerDependenciesMeta:
      '@types/react':
        optional: true
      '@types/react-dom':
        optional: true

  '@radix-ui/react-arrow@1.1.11':
    resolution: {integrity: sha512-Kdil9BB1rIFC/khmf4hC35bn8701AJcizTU7G7cUbEbk5XqqbjDuHW60uUfKqO5WojjZcbAW51Q7P0hRmMLw8A==}
    peerDependencies:
      '@types/react': '*'
      '@types/react-dom': '*'
      react: ^16.8 || ^17.0 || ^18.0 || ^19.0 || ^19.0.0-rc
      react-dom: ^16.8 || ^17.0 || ^18.0 || ^19.0 || ^19.0.0-rc
    peerDependenciesMeta:
      '@types/react':
        optional: true
      '@types/react-dom':
        optional: true

  '@radix-ui/react-checkbox@1.3.6':
    resolution: {integrity: sha512-eUEUoGMDpfkgHWSE97ZZaUJtzR1M7EKnNIpD1Q16+8JR9NWghcaqMulx9PuCQ720w0UclfYn6FEbCdd5Hx087g==}
    peerDependencies:
      '@types/react': '*'
      '@types/react-dom': '*'
      react: ^16.8 || ^17.0 || ^18.0 || ^19.0 || ^19.0.0-rc
      react-dom: ^16.8 || ^17.0 || ^18.0 || ^19.0 || ^19.0.0-rc
    peerDependenciesMeta:
      '@types/react':
        optional: true
      '@types/react-dom':
        optional: true

  '@radix-ui/react-collection@1.1.11':
    resolution: {integrity: sha512-djW9+zeg137KQdlPtmE8xnaD+K2rcXXMWFrSg0hsmYZ6HRbdTA7tDHFgpaW9+huWVEu0RCabL+985T4TA0BE7g==}
    peerDependencies:
      '@types/react': '*'
      '@types/react-dom': '*'
      react: ^16.8 || ^17.0 || ^18.0 || ^19.0 || ^19.0.0-rc
      react-dom: ^16.8 || ^17.0 || ^18.0 || ^19.0 || ^19.0.0-rc
    peerDependenciesMeta:
      '@types/react':
        optional: true
      '@types/react-dom':
        optional: true

  '@radix-ui/react-compose-refs@1.1.3':
    resolution: {integrity: sha512-rYOP8OMnuuPMQF1uhPVlGNcCDlkokKqGFE3JcxFViIkAXP7EvFWUliJAstrapypaBLJNHbZL6jGhbVDGTwmVhA==}
    peerDependencies:
      '@types/react': '*'
      react: ^16.8 || ^17.0 || ^18.0 || ^19.0 || ^19.0.0-rc
    peerDependenciesMeta:
      '@types/react':
        optional: true

  '@radix-ui/react-context@1.1.4':
    resolution: {integrity: sha512-QwH4PO5urrbO+FaGd5Aglg+YJgWTyyuZ3g/6mKvsqraLkglDdckw9JafgL5McL5VEJ6EPNduPaT3ZE9BttDAqg==}
    peerDependencies:
      '@types/react': '*'
      react: ^16.8 || ^17.0 || ^18.0 || ^19.0 || ^19.0.0-rc
    peerDependenciesMeta:
      '@types/react':
        optional: true

  '@radix-ui/react-dialog@1.1.18':
    resolution: {integrity: sha512-apa28mldjMgORmE6g/w3sCcA0Y9UAVeeDVoozN4i7kOw12mLl9RBchfzK3Nn6qxOWjrZhK1Lfy7f07kyzxtnBw==}
    peerDependencies:
      '@types/react': '*'
      '@types/react-dom': '*'
      react: ^16.8 || ^17.0 || ^18.0 || ^19.0 || ^19.0.0-rc
      react-dom: ^16.8 || ^17.0 || ^18.0 || ^19.0 || ^19.0.0-rc
    peerDependenciesMeta:
      '@types/react':
        optional: true
      '@types/react-dom':
        optional: true

  '@radix-ui/react-direction@1.1.2':
    resolution: {integrity: sha512-C3vFhbyi4SW3PmbAi6Awpu4OzJtd0MxGurvSsYtr7p7nM8RNB3VAF3CUmnp2j50knpkrRcB7+ycVXzgLgF6yNA==}
    peerDependencies:
      '@types/react': '*'
      react: ^16.8 || ^17.0 || ^18.0 || ^19.0 || ^19.0.0-rc
    peerDependenciesMeta:
      '@types/react':
        optional: true

  '@radix-ui/react-dismissable-layer@1.1.14':
    resolution: {integrity: sha512-4lUhWTWAjbDIqFrAPWJ3WqBOpO5YchVZ88X3nh6H9Lu5AFi5nCUeTPj3D8FSDmabmFeRe9ME0BDA4MwKTha5GQ==}
    peerDependencies:
      '@types/react': '*'
      '@types/react-dom': '*'
      react: ^16.8 || ^17.0 || ^18.0 || ^19.0 || ^19.0.0-rc
      react-dom: ^16.8 || ^17.0 || ^18.0 || ^19.0 || ^19.0.0-rc
    peerDependenciesMeta:
      '@types/react':
        optional: true
      '@types/react-dom':
        optional: true

  '@radix-ui/react-dropdown-menu@2.1.19':
    resolution: {integrity: sha512-HZccBkbK0LOi8nYKIp5jll/zIRW0cCOmG6WWyqsSpmXCU+ZlcBbTqIwlBvPCu886C5RVu6c/kHV7xSP8IgYNHw==}
    peerDependencies:
      '@types/react': '*'
      '@types/react-dom': '*'
      react: ^16.8 || ^17.0 || ^18.0 || ^19.0 || ^19.0.0-rc
      react-dom: ^16.8 || ^17.0 || ^18.0 || ^19.0 || ^19.0.0-rc
    peerDependenciesMeta:
      '@types/react':
        optional: true
      '@types/react-dom':
        optional: true

  '@radix-ui/react-focus-guards@1.1.4':
    resolution: {integrity: sha512-cot/aB/mOm0IYVYTTmQcEEK1M48lZWi8FlYe5nDPQQ8NYZUlXEFgncJ9p2Kzer3RKSrY7cTTpEMLZKNo9QoP5Q==}
    peerDependencies:
      '@types/react': '*'
      react: ^16.8 || ^17.0 || ^18.0 || ^19.0 || ^19.0.0-rc
    peerDependenciesMeta:
      '@types/react':
        optional: true

  '@radix-ui/react-focus-scope@1.1.11':
    resolution: {integrity: sha512-Mn88Vg2whaRocGJNOH+DKFqYm6ySFPQaiwHNxZPyjn99B52KAEJWWY9NP83+nWdk2HM3rdov+STu9AG471Rt9w==}
    peerDependencies:
      '@types/react': '*'
      '@types/react-dom': '*'
      react: ^16.8 || ^17.0 || ^18.0 || ^19.0 || ^19.0.0-rc
      react-dom: ^16.8 || ^17.0 || ^18.0 || ^19.0 || ^19.0.0-rc
    peerDependenciesMeta:
      '@types/react':
        optional: true
      '@types/react-dom':
        optional: true

  '@radix-ui/react-id@1.1.2':
    resolution: {integrity: sha512-orBC88futVpqCmhX1p4cvquNHsELQ+w+vBJnuj3ftETI5bJb0bZn3Tqu3SWN2IOcPycTnMGnhwoermvISt72sA==}
    peerDependencies:
      '@types/react': '*'
      react: ^16.8 || ^17.0 || ^18.0 || ^19.0 || ^19.0.0-rc
    peerDependenciesMeta:
      '@types/react':
        optional: true

  '@radix-ui/react-menu@2.1.19':
    resolution: {integrity: sha512-Mht9BVd1AIsNFVQr4KG3bIK7XQn5IXF0TL/2ObsrzOdc1loaly/+kBDL5roSCYn8j8XZkvpOD0WYLz2FQtH1Eg==}
    peerDependencies:
      '@types/react': '*'
      '@types/react-dom': '*'
      react: ^16.8 || ^17.0 || ^18.0 || ^19.0 || ^19.0.0-rc
      react-dom: ^16.8 || ^17.0 || ^18.0 || ^19.0 || ^19.0.0-rc
    peerDependenciesMeta:
      '@types/react':
        optional: true
      '@types/react-dom':
        optional: true

  '@radix-ui/react-popper@1.3.2':
    resolution: {integrity: sha512-3QXNeMkdshed1MR3LNoiCirBywRFPkD8ETJa/HlPuLwSajaQixf2ro+isoDNJlGABg9ug41XuZpINZJIle4XWg==}
    peerDependencies:
      '@types/react': '*'
      '@types/react-dom': '*'
      react: ^16.8 || ^17.0 || ^18.0 || ^19.0 || ^19.0.0-rc
      react-dom: ^16.8 || ^17.0 || ^18.0 || ^19.0 || ^19.0.0-rc
    peerDependenciesMeta:
      '@types/react':
        optional: true
      '@types/react-dom':
        optional: true

  '@radix-ui/react-portal@1.1.13':
    resolution: {integrity: sha512-z3oXfmaHLJTF1wktbjgD6cn9jiEbq3WSondB10LIuIt2m2Ym4iJlrW04/euMwENDdWDdE7z+OuY7Qyp1YpRSwA==}
    peerDependencies:
      '@types/react': '*'
      '@types/react-dom': '*'
      react: ^16.8 || ^17.0 || ^18.0 || ^19.0 || ^19.0.0-rc
      react-dom: ^16.8 || ^17.0 || ^18.0 || ^19.0 || ^19.0.0-rc
    peerDependenciesMeta:
      '@types/react':
        optional: true
      '@types/react-dom':
        optional: true

  '@radix-ui/react-presence@1.1.6':
    resolution: {integrity: sha512-zdTk4PlUO0E18HnZ3wYbW0KkJJxWCdiNYp6g6X1PtONFhxVkg01vliTJAmwIszU6mHiyBOoW9P0rAugl5/hULQ==}
    peerDependencies:
      '@types/react': '*'
      '@types/react-dom': '*'
      react: ^16.8 || ^17.0 || ^18.0 || ^19.0 || ^19.0.0-rc
      react-dom: ^16.8 || ^17.0 || ^18.0 || ^19.0 || ^19.0.0-rc
    peerDependenciesMeta:
      '@types/react':
        optional: true
      '@types/react-dom':
        optional: true

  '@radix-ui/react-primitive@2.1.7':
    resolution: {integrity: sha512-bC3NiwsprbxKjuon9l7X6BUTw7FPVzEYaL92MPEY5SCd/9hUTPXVFtVwRix7778wtRsVao+zE062gL79FZleeQ==}
    peerDependencies:
      '@types/react': '*'
      '@types/react-dom': '*'
      react: ^16.8 || ^17.0 || ^18.0 || ^19.0 || ^19.0.0-rc
      react-dom: ^16.8 || ^17.0 || ^18.0 || ^19.0 || ^19.0.0-rc
    peerDependenciesMeta:
      '@types/react':
        optional: true
      '@types/react-dom':
        optional: true

  '@radix-ui/react-roving-focus@1.1.14':
    resolution: {integrity: sha512-8Qcnx9447tx/aCBgw6Jenfqg4Skq+vqab9mCBmuGNipIS5YXvL275wbKEu7+ICYHIlAPgCduUMJH1XOYewKF6Q==}
    peerDependencies:
      '@types/react': '*'
      '@types/react-dom': '*'
      react: ^16.8 || ^17.0 || ^18.0 || ^19.0 || ^19.0.0-rc
      react-dom: ^16.8 || ^17.0 || ^18.0 || ^19.0 || ^19.0.0-rc
    peerDependenciesMeta:
      '@types/react':
        optional: true
      '@types/react-dom':
        optional: true

  '@radix-ui/react-scroll-area@1.2.13':
    resolution: {integrity: sha512-7tncSubo2G0UY1e8rk+72qe3XRzrGnOLtZQ1PL1KoBfRUNX0NrJT5akb+0kfwSCc3gVR4wdHqyhAQBDpDNOwDw==}
    peerDependencies:
      '@types/react': '*'
      '@types/react-dom': '*'
      react: ^16.8 || ^17.0 || ^18.0 || ^19.0 || ^19.0.0-rc
      react-dom: ^16.8 || ^17.0 || ^18.0 || ^19.0 || ^19.0.0-rc
    peerDependenciesMeta:
      '@types/react':
        optional: true
      '@types/react-dom':
        optional: true

  '@radix-ui/react-select@2.3.2':
    resolution: {integrity: sha512-brXD6C/V0fVK0DDbscLVw6LsXrjQ+ay8jdOBaN+tLb4vsHsAMm6Gt6eT77wHX1Eq8GPtD5rJ+RxFtfDozsb4+Q==}
    peerDependencies:
      '@types/react': '*'
      '@types/react-dom': '*'
      react: ^16.8 || ^17.0 || ^18.0 || ^19.0 || ^19.0.0-rc
      react-dom: ^16.8 || ^17.0 || ^18.0 || ^19.0 || ^19.0.0-rc
    peerDependenciesMeta:
      '@types/react':
        optional: true
      '@types/react-dom':
        optional: true

  '@radix-ui/react-separator@1.1.11':
    resolution: {integrity: sha512-jRhe86+8PF7VZ1u14eOWVOuh2BuAhALg/FT1VcMC4OHedMTRUazDnDlKTt+yxo5cRNKHMfmvZ4sSQtWDeMV4CQ==}
    peerDependencies:
      '@types/react': '*'
      '@types/react-dom': '*'
      react: ^16.8 || ^17.0 || ^18.0 || ^19.0 || ^19.0.0-rc
      react-dom: ^16.8 || ^17.0 || ^18.0 || ^19.0 || ^19.0.0-rc
    peerDependenciesMeta:
      '@types/react':
        optional: true
      '@types/react-dom':
        optional: true

  '@radix-ui/react-slot@1.3.0':
    resolution: {integrity: sha512-MojKku4U/miO8Av4Dkb+ctMAQx7JmY96LmtDQlAarCRtd7rN52QCSzBF+XAvr5S6coSVj9HEPBgHAHKEJVk/WA==}
    peerDependencies:
      '@types/react': '*'
      react: ^16.8 || ^17.0 || ^18.0 || ^19.0 || ^19.0.0-rc
    peerDependenciesMeta:
      '@types/react':
        optional: true

  '@radix-ui/react-switch@1.3.2':
    resolution: {integrity: sha512-tgRBI3DdNwAJYE4BBZyZcz/HRRCvAsPkRvG1wvKc+41tBGMxPn/a87T/wikXAvyDypNQ9kaZwHbeZe+veHCGpA==}
    peerDependencies:
      '@types/react': '*'
      '@types/react-dom': '*'
      react: ^16.8 || ^17.0 || ^18.0 || ^19.0 || ^19.0.0-rc
      react-dom: ^16.8 || ^17.0 || ^18.0 || ^19.0 || ^19.0.0-rc
    peerDependenciesMeta:
      '@types/react':
        optional: true
      '@types/react-dom':
        optional: true

  '@radix-ui/react-tooltip@1.2.11':
    resolution: {integrity: sha512-8XZ6Py3y3W2nEzAUGCN5cfVKaUi+CVApcz1d6lrNVVf2hvYEixMRkq8k9ggPKnQUpRRuOV5avt8uvxViH2jLwA==}
    peerDependencies:
      '@types/react': '*'
      '@types/react-dom': '*'
      react: ^16.8 || ^17.0 || ^18.0 || ^19.0 || ^19.0.0-rc
      react-dom: ^16.8 || ^17.0 || ^18.0 || ^19.0 || ^19.0.0-rc
    peerDependenciesMeta:
      '@types/react':
        optional: true
      '@types/react-dom':
        optional: true

  '@radix-ui/react-use-callback-ref@1.1.2':
    resolution: {integrity: sha512-xCso9j1/u8sEgP1RNHjFrXJLApL8LiqOkI1R4ywuN00rxWdYg4oQXuwKLS3i0j5NWLromUD27/4nlxj2UFVvIw==}
    peerDependencies:
      '@types/react': '*'
      react: ^16.8 || ^17.0 || ^18.0 || ^19.0 || ^19.0.0-rc
    peerDependenciesMeta:
      '@types/react':
        optional: true

  '@radix-ui/react-use-controllable-state@1.2.3':
    resolution: {integrity: sha512-PLzC90MS+ReootmjC597dvopoelpZ8Q61HJkDXZSExitIq7PL55vHNnesAHwguHK0aPfBnpdNzQtv1uliaqQrA==}
    peerDependencies:
      '@types/react': '*'
      react: ^16.8 || ^17.0 || ^18.0 || ^19.0 || ^19.0.0-rc
    peerDependenciesMeta:
      '@types/react':
        optional: true

  '@radix-ui/react-use-effect-event@0.0.3':
    resolution: {integrity: sha512-6c8ZqvPTWILEKnyVkP53EGRCcpnJiKTC21sS/6R1GF5xKyHJJWQEPfkqlcgUkdRQivd6tb23abUwe4ngWmY0JA==}
    peerDependencies:
      '@types/react': '*'
      react: ^16.8 || ^17.0 || ^18.0 || ^19.0 || ^19.0.0-rc
    peerDependenciesMeta:
      '@types/react':
        optional: true

  '@radix-ui/react-use-layout-effect@1.1.2':
    resolution: {integrity: sha512-jrBWOxZITuGcnjRCM2t2U5ZPkCLxD+Ym6DjfssS5haTj2iiak/DOb64JeN6OdLfLgptb6/e2kKR+ZuTrGoZTPA==}
    peerDependencies:
      '@types/react': '*'
      react: ^16.8 || ^17.0 || ^18.0 || ^19.0 || ^19.0.0-rc
    peerDependenciesMeta:
      '@types/react':
        optional: true

  '@radix-ui/react-use-previous@1.1.2':
    resolution: {integrity: sha512-IGBQPtRFdhN6MQ8dbegVmBq1LVZluya3F1jWY+puIcQC3MHctRwTDSBWCkL/3ZcnMJLTMJ++Z+ktmvg0F89iCw==}
    peerDependencies:
      '@types/react': '*'
      react: ^16.8 || ^17.0 || ^18.0 || ^19.0 || ^19.0.0-rc
    peerDependenciesMeta:
      '@types/react':
        optional: true

  '@radix-ui/react-use-rect@1.1.2':
    resolution: {integrity: sha512-d8a+bBY/FxikNPlgJJoaBHZX+zKVbWHYJGTLnLvveQgFSTntkGdEKv3JDtHrMS0DNYpllz2nRsTLGLKYttbpmw==}
    peerDependencies:
      '@types/react': '*'
      react: ^16.8 || ^17.0 || ^18.0 || ^19.0 || ^19.0.0-rc
    peerDependenciesMeta:
      '@types/react':
        optional: true

  '@radix-ui/react-use-size@1.1.2':
    resolution: {integrity: sha512-giWQp+4mxjBPt4KZ0MmyuykFNWfbDxKt4x+fPkRYmgRFJSbCZFzUglvMb/Kjn38tm10YP4ufiQZDx3zna4LU6w==}
    peerDependencies:
      '@types/react': '*'
      react: ^16.8 || ^17.0 || ^18.0 || ^19.0 || ^19.0.0-rc
    peerDependenciesMeta:
      '@types/react':
        optional: true

  '@radix-ui/react-visually-hidden@1.2.7':
    resolution: {integrity: sha512-1wNZBggTDK3GRuuQ6nP4k2yi7a6l7I5qbMPbZcRsrGsGVead/f/d5FhEzUvqFs0bcrDLx7n1zKQ3JvLR6whaaw==}
    peerDependencies:
      '@types/react': '*'
      '@types/react-dom': '*'
      react: ^16.8 || ^17.0 || ^18.0 || ^19.0 || ^19.0.0-rc
      react-dom: ^16.8 || ^17.0 || ^18.0 || ^19.0 || ^19.0.0-rc
    peerDependenciesMeta:
      '@types/react':
        optional: true
      '@types/react-dom':
        optional: true

  '@radix-ui/rect@1.1.2':
    resolution: {integrity: sha512-xnXE7wG13PI+cxieVssYXlQJuYVRhH9NBoxt3KNwzghDIA69GMm7d4wXRouHIYjE+KvS6U/MsMO73NdS2MH9ZA==}

  aria-hidden@1.2.6:
    resolution: {integrity: sha512-ik3ZgC9dY/lYVVM++OISsaYDeg1tb0VtP5uL3ouh1koGOaUMDPpbFIei4JkFimWUFPn90sbMNMXQAIVOlnYKJA==}
    engines: {node: '>=10'}

  detect-node-es@1.1.0:
    resolution: {integrity: sha512-ypdmJU/TbBby2Dxibuv7ZLW3Bs1QEmM7nHjEANfohJLvE0XVujisn1qPJcZxg+qDucsr+bP6fLD1rPS3AhJ7EQ==}

  get-nonce@1.0.1:
    resolution: {integrity: sha512-FJhYRoDaiatfEkUK8HKlicmu/3SGFD51q3itKDGoSTysQJBnfOcxU5GxnhE1E6soB76MbT0MBtnKJuXyAx+96Q==}
    engines: {node: '>=6'}

  js-tokens@4.0.0:
    resolution: {integrity: sha512-RdJUflcE3cUzKiMqQgsCu06FPu9UdIJO0beYbPhHN4k6apgJtifcoCtT9bcxOpYBtpD2kCM6Sbzg4CausW/PKQ==}

  loose-envify@1.4.0:
    resolution: {integrity: sha512-lyuxPGr/Wfhrlem2CL/UcnUc1zcqKAImBDzukY7Y5F/yQiNdko6+fRLevlw1HgMySw7f611UIY408EtxRSoK3Q==}
    hasBin: true

  react-dom@18.3.1:
    resolution: {integrity: sha512-5m4nQKp+rZRb09LNH59GM4BxTh9251/ylbKIbpe7TpGxfJ+9kv6BLkLBXIjjspbgbnIBNqlI23tRnTWT0snUIw==}
    peerDependencies:
      react: ^18.3.1

  react-remove-scroll-bar@2.3.8:
    resolution: {integrity: sha512-9r+yi9+mgU33AKcj6IbT9oRCO78WriSj6t/cF8DWBZJ9aOGPOTEDvdUDz1FwKim7QXWwmHqtdHnRJfhAxEG46Q==}
    engines: {node: '>=10'}
    peerDependencies:
      '@types/react': '*'
      react: ^16.8.0 || ^17.0.0 || ^18.0.0 || ^19.0.0
    peerDependenciesMeta:
      '@types/react':
        optional: true

  react-remove-scroll@2.7.2:
    resolution: {integrity: sha512-Iqb9NjCCTt6Hf+vOdNIZGdTiH1QSqr27H/Ek9sv/a97gfueI/5h1s3yRi1nngzMUaOOToin5dI1dXKdXiF+u0Q==}
    engines: {node: '>=10'}
    peerDependencies:
      '@types/react': '*'
      react: ^16.8.0 || ^17.0.0 || ^18.0.0 || ^19.0.0 || ^19.0.0-rc
    peerDependenciesMeta:
      '@types/react':
        optional: true

  react-style-singleton@2.2.3:
    resolution: {integrity: sha512-b6jSvxvVnyptAiLjbkWLE/lOnR4lfTtDAl+eUC7RZy+QQWc6wRzIV2CE6xBuMmDxc2qIihtDCZD5NPOFl7fRBQ==}
    engines: {node: '>=10'}
    peerDependencies:
      '@types/react': '*'
      react: ^16.8.0 || ^17.0.0 || ^18.0.0 || ^19.0.0 || ^19.0.0-rc
    peerDependenciesMeta:
      '@types/react':
        optional: true

  react@18.3.1:
    resolution: {integrity: sha512-wS+hAgJShR0KhEvPJArfuPVN1+Hz1t0Y6n5jLrGQbkb4urgPE/0Rve+1kMB1v/oWgHgm4WIcV+i7F2pTVj+2iQ==}
    engines: {node: '>=0.10.0'}

  scheduler@0.23.2:
    resolution: {integrity: sha512-UOShsPwz7NrMUqhR6t0hWjFduvOzbtv7toDH1/hIrfRNIDBnnBWd0CwJTGvTpngVlmwGCdP9/Zl/tVrDqcuYzQ==}

  tslib@2.8.1:
    resolution: {integrity: sha512-oJFu94HQb+KVduSUQL7wnpmqnfmLsOA/nAh6b6EH0wCEoK0/mPeXU6c3wKDV83MkOuHPRHtSXKKU99IBazS/2w==}

  use-callback-ref@1.3.3:
    resolution: {integrity: sha512-jQL3lRnocaFtu3V00JToYz/4QkNWswxijDaCVNZRiRTO3HQDLsdu1ZtmIUvV4yPp+rvWm5j0y0TG/S61cuijTg==}
    engines: {node: '>=10'}
    peerDependencies:
      '@types/react': '*'
      react: ^16.8.0 || ^17.0.0 || ^18.0.0 || ^19.0.0 || ^19.0.0-rc
    peerDependenciesMeta:
      '@types/react':
        optional: true

  use-sidecar@1.1.3:
    resolution: {integrity: sha512-Fedw0aZvkhynoPYlA5WXrMCAMm+nSWdZt6lzJQ7Ok8S6Q+VsHmHpRWndVRJ8Be0ZbkfPc5LRYH+5XrzXcEeLRQ==}
    engines: {node: '>=10'}
    peerDependencies:
      '@types/react': '*'
      react: ^16.8.0 || ^17.0.0 || ^18.0.0 || ^19.0.0 || ^19.0.0-rc
    peerDependenciesMeta:
      '@types/react':
        optional: true

snapshots:

  '@floating-ui/core@1.7.5':
    dependencies:
      '@floating-ui/utils': 0.2.11

  '@floating-ui/dom@1.7.6':
    dependencies:
      '@floating-ui/core': 1.7.5
      '@floating-ui/utils': 0.2.11

  '@floating-ui/react-dom@2.1.8(react-dom@18.3.1(react@18.3.1))(react@18.3.1)':
    dependencies:
      '@floating-ui/dom': 1.7.6
      react: 18.3.1
      react-dom: 18.3.1(react@18.3.1)

  '@floating-ui/utils@0.2.11': {}

  '@radix-ui/number@1.1.2': {}

  '@radix-ui/primitive@1.1.4': {}

  '@radix-ui/react-alert-dialog@1.1.18(react-dom@18.3.1(react@18.3.1))(react@18.3.1)':
    dependencies:
      '@radix-ui/primitive': 1.1.4
      '@radix-ui/react-compose-refs': 1.1.3(react@18.3.1)
      '@radix-ui/react-context': 1.1.4(react@18.3.1)
      '@radix-ui/react-dialog': 1.1.18(react-dom@18.3.1(react@18.3.1))(react@18.3.1)
      '@radix-ui/react-primitive': 2.1.7(react-dom@18.3.1(react@18.3.1))(react@18.3.1)
      react: 18.3.1
      react-dom: 18.3.1(react@18.3.1)

  '@radix-ui/react-arrow@1.1.11(react-dom@18.3.1(react@18.3.1))(react@18.3.1)':
    dependencies:
      '@radix-ui/react-primitive': 2.1.7(react-dom@18.3.1(react@18.3.1))(react@18.3.1)
      react: 18.3.1
      react-dom: 18.3.1(react@18.3.1)

  '@radix-ui/react-checkbox@1.3.6(react-dom@18.3.1(react@18.3.1))(react@18.3.1)':
    dependencies:
      '@radix-ui/primitive': 1.1.4
      '@radix-ui/react-compose-refs': 1.1.3(react@18.3.1)
      '@radix-ui/react-context': 1.1.4(react@18.3.1)
      '@radix-ui/react-presence': 1.1.6(react-dom@18.3.1(react@18.3.1))(react@18.3.1)
      '@radix-ui/react-primitive': 2.1.7(react-dom@18.3.1(react@18.3.1))(react@18.3.1)
      '@radix-ui/react-use-controllable-state': 1.2.3(react@18.3.1)
      '@radix-ui/react-use-previous': 1.1.2(react@18.3.1)
      '@radix-ui/react-use-size': 1.1.2(react@18.3.1)
      react: 18.3.1
      react-dom: 18.3.1(react@18.3.1)

  '@radix-ui/react-collection@1.1.11(react-dom@18.3.1(react@18.3.1))(react@18.3.1)':
    dependencies:
      '@radix-ui/react-compose-refs': 1.1.3(react@18.3.1)
      '@radix-ui/react-context': 1.1.4(react@18.3.1)
      '@radix-ui/react-primitive': 2.1.7(react-dom@18.3.1(react@18.3.1))(react@18.3.1)
      '@radix-ui/react-slot': 1.3.0(react@18.3.1)
      react: 18.3.1
      react-dom: 18.3.1(react@18.3.1)

  '@radix-ui/react-compose-refs@1.1.3(react@18.3.1)':
    dependencies:
      react: 18.3.1

  '@radix-ui/react-context@1.1.4(react@18.3.1)':
    dependencies:
      react: 18.3.1

  '@radix-ui/react-dialog@1.1.18(react-dom@18.3.1(react@18.3.1))(react@18.3.1)':
    dependencies:
      '@radix-ui/primitive': 1.1.4
      '@radix-ui/react-compose-refs': 1.1.3(react@18.3.1)
      '@radix-ui/react-context': 1.1.4(react@18.3.1)
      '@radix-ui/react-dismissable-layer': 1.1.14(react-dom@18.3.1(react@18.3.1))(react@18.3.1)
      '@radix-ui/react-focus-guards': 1.1.4(react@18.3.1)
      '@radix-ui/react-focus-scope': 1.1.11(react-dom@18.3.1(react@18.3.1))(react@18.3.1)
      '@radix-ui/react-id': 1.1.2(react@18.3.1)
      '@radix-ui/react-portal': 1.1.13(react-dom@18.3.1(react@18.3.1))(react@18.3.1)
      '@radix-ui/react-presence': 1.1.6(react-dom@18.3.1(react@18.3.1))(react@18.3.1)
      '@radix-ui/react-primitive': 2.1.7(react-dom@18.3.1(react@18.3.1))(react@18.3.1)
      '@radix-ui/react-slot': 1.3.0(react@18.3.1)
      '@radix-ui/react-use-controllable-state': 1.2.3(react@18.3.1)
      aria-hidden: 1.2.6
      react: 18.3.1
      react-dom: 18.3.1(react@18.3.1)
      react-remove-scroll: 2.7.2(react@18.3.1)

  '@radix-ui/react-direction@1.1.2(react@18.3.1)':
    dependencies:
      react: 18.3.1

  '@radix-ui/react-dismissable-layer@1.1.14(react-dom@18.3.1(react@18.3.1))(react@18.3.1)':
    dependencies:
      '@radix-ui/primitive': 1.1.4
      '@radix-ui/react-compose-refs': 1.1.3(react@18.3.1)
      '@radix-ui/react-primitive': 2.1.7(react-dom@18.3.1(react@18.3.1))(react@18.3.1)
      '@radix-ui/react-use-callback-ref': 1.1.2(react@18.3.1)
      '@radix-ui/react-use-effect-event': 0.0.3(react@18.3.1)
      react: 18.3.1
      react-dom: 18.3.1(react@18.3.1)

  '@radix-ui/react-dropdown-menu@2.1.19(react-dom@18.3.1(react@18.3.1))(react@18.3.1)':
    dependencies:
      '@radix-ui/primitive': 1.1.4
      '@radix-ui/react-compose-refs': 1.1.3(react@18.3.1)
      '@radix-ui/react-context': 1.1.4(react@18.3.1)
      '@radix-ui/react-id': 1.1.2(react@18.3.1)
      '@radix-ui/react-menu': 2.1.19(react-dom@18.3.1(react@18.3.1))(react@18.3.1)
      '@radix-ui/react-primitive': 2.1.7(react-dom@18.3.1(react@18.3.1))(react@18.3.1)
      '@radix-ui/react-use-controllable-state': 1.2.3(react@18.3.1)
      react: 18.3.1
      react-dom: 18.3.1(react@18.3.1)

  '@radix-ui/react-focus-guards@1.1.4(react@18.3.1)':
    dependencies:
      react: 18.3.1

  '@radix-ui/react-focus-scope@1.1.11(react-dom@18.3.1(react@18.3.1))(react@18.3.1)':
    dependencies:
      '@radix-ui/react-compose-refs': 1.1.3(react@18.3.1)
      '@radix-ui/react-primitive': 2.1.7(react-dom@18.3.1(react@18.3.1))(react@18.3.1)
      '@radix-ui/react-use-callback-ref': 1.1.2(react@18.3.1)
      react: 18.3.1
      react-dom: 18.3.1(react@18.3.1)

  '@radix-ui/react-id@1.1.2(react@18.3.1)':
    dependencies:
      '@radix-ui/react-use-layout-effect': 1.1.2(react@18.3.1)
      react: 18.3.1

  '@radix-ui/react-menu@2.1.19(react-dom@18.3.1(react@18.3.1))(react@18.3.1)':
    dependencies:
      '@radix-ui/primitive': 1.1.4
      '@radix-ui/react-collection': 1.1.11(react-dom@18.3.1(react@18.3.1))(react@18.3.1)
      '@radix-ui/react-compose-refs': 1.1.3(react@18.3.1)
      '@radix-ui/react-context': 1.1.4(react@18.3.1)
      '@radix-ui/react-direction': 1.1.2(react@18.3.1)
      '@radix-ui/react-dismissable-layer': 1.1.14(react-dom@18.3.1(react@18.3.1))(react@18.3.1)
      '@radix-ui/react-focus-guards': 1.1.4(react@18.3.1)
      '@radix-ui/react-focus-scope': 1.1.11(react-dom@18.3.1(react@18.3.1))(react@18.3.1)
      '@radix-ui/react-id': 1.1.2(react@18.3.1)
      '@radix-ui/react-popper': 1.3.2(react-dom@18.3.1(react@18.3.1))(react@18.3.1)
      '@radix-ui/react-portal': 1.1.13(react-dom@18.3.1(react@18.3.1))(react@18.3.1)
      '@radix-ui/react-presence': 1.1.6(react-dom@18.3.1(react@18.3.1))(react@18.3.1)
      '@radix-ui/react-primitive': 2.1.7(react-dom@18.3.1(react@18.3.1))(react@18.3.1)
      '@radix-ui/react-roving-focus': 1.1.14(react-dom@18.3.1(react@18.3.1))(react@18.3.1)
      '@radix-ui/react-slot': 1.3.0(react@18.3.1)
      '@radix-ui/react-use-callback-ref': 1.1.2(react@18.3.1)
      aria-hidden: 1.2.6
      react: 18.3.1
      react-dom: 18.3.1(react@18.3.1)
      react-remove-scroll: 2.7.2(react@18.3.1)

  '@radix-ui/react-popper@1.3.2(react-dom@18.3.1(react@18.3.1))(react@18.3.1)':
    dependencies:
      '@floating-ui/react-dom': 2.1.8(react-dom@18.3.1(react@18.3.1))(react@18.3.1)
      '@radix-ui/react-arrow': 1.1.11(react-dom@18.3.1(react@18.3.1))(react@18.3.1)
      '@radix-ui/react-compose-refs': 1.1.3(react@18.3.1)
      '@radix-ui/react-context': 1.1.4(react@18.3.1)
      '@radix-ui/react-primitive': 2.1.7(react-dom@18.3.1(react@18.3.1))(react@18.3.1)
      '@radix-ui/react-use-callback-ref': 1.1.2(react@18.3.1)
      '@radix-ui/react-use-layout-effect': 1.1.2(react@18.3.1)
      '@radix-ui/react-use-rect': 1.1.2(react@18.3.1)
      '@radix-ui/react-use-size': 1.1.2(react@18.3.1)
      '@radix-ui/rect': 1.1.2
      react: 18.3.1
      react-dom: 18.3.1(react@18.3.1)

  '@radix-ui/react-portal@1.1.13(react-dom@18.3.1(react@18.3.1))(react@18.3.1)':
    dependencies:
      '@radix-ui/react-primitive': 2.1.7(react-dom@18.3.1(react@18.3.1))(react@18.3.1)
      '@radix-ui/react-use-layout-effect': 1.1.2(react@18.3.1)
      react: 18.3.1
      react-dom: 18.3.1(react@18.3.1)

  '@radix-ui/react-presence@1.1.6(react-dom@18.3.1(react@18.3.1))(react@18.3.1)':
    dependencies:
      '@radix-ui/react-use-layout-effect': 1.1.2(react@18.3.1)
      react: 18.3.1
      react-dom: 18.3.1(react@18.3.1)

  '@radix-ui/react-primitive@2.1.7(react-dom@18.3.1(react@18.3.1))(react@18.3.1)':
    dependencies:
      '@radix-ui/react-slot': 1.3.0(react@18.3.1)
      react: 18.3.1
      react-dom: 18.3.1(react@18.3.1)

  '@radix-ui/react-roving-focus@1.1.14(react-dom@18.3.1(react@18.3.1))(react@18.3.1)':
    dependencies:
      '@radix-ui/primitive': 1.1.4
      '@radix-ui/react-collection': 1.1.11(react-dom@18.3.1(react@18.3.1))(react@18.3.1)
      '@radix-ui/react-compose-refs': 1.1.3(react@18.3.1)
      '@radix-ui/react-context': 1.1.4(react@18.3.1)
      '@radix-ui/react-direction': 1.1.2(react@18.3.1)
      '@radix-ui/react-id': 1.1.2(react@18.3.1)
      '@radix-ui/react-primitive': 2.1.7(react-dom@18.3.1(react@18.3.1))(react@18.3.1)
      '@radix-ui/react-use-callback-ref': 1.1.2(react@18.3.1)
      '@radix-ui/react-use-controllable-state': 1.2.3(react@18.3.1)
      react: 18.3.1
      react-dom: 18.3.1(react@18.3.1)

  '@radix-ui/react-scroll-area@1.2.13(react-dom@18.3.1(react@18.3.1))(react@18.3.1)':
    dependencies:
      '@radix-ui/number': 1.1.2
      '@radix-ui/primitive': 1.1.4
      '@radix-ui/react-compose-refs': 1.1.3(react@18.3.1)
      '@radix-ui/react-context': 1.1.4(react@18.3.1)
      '@radix-ui/react-direction': 1.1.2(react@18.3.1)
      '@radix-ui/react-presence': 1.1.6(react-dom@18.3.1(react@18.3.1))(react@18.3.1)
      '@radix-ui/react-primitive': 2.1.7(react-dom@18.3.1(react@18.3.1))(react@18.3.1)
      '@radix-ui/react-use-callback-ref': 1.1.2(react@18.3.1)
      '@radix-ui/react-use-layout-effect': 1.1.2(react@18.3.1)
      react: 18.3.1
      react-dom: 18.3.1(react@18.3.1)

  '@radix-ui/react-select@2.3.2(react-dom@18.3.1(react@18.3.1))(react@18.3.1)':
    dependencies:
      '@radix-ui/number': 1.1.2
      '@radix-ui/primitive': 1.1.4
      '@radix-ui/react-collection': 1.1.11(react-dom@18.3.1(react@18.3.1))(react@18.3.1)
      '@radix-ui/react-compose-refs': 1.1.3(react@18.3.1)
      '@radix-ui/react-context': 1.1.4(react@18.3.1)
      '@radix-ui/react-direction': 1.1.2(react@18.3.1)
      '@radix-ui/react-dismissable-layer': 1.1.14(react-dom@18.3.1(react@18.3.1))(react@18.3.1)
      '@radix-ui/react-focus-guards': 1.1.4(react@18.3.1)
      '@radix-ui/react-focus-scope': 1.1.11(react-dom@18.3.1(react@18.3.1))(react@18.3.1)
      '@radix-ui/react-id': 1.1.2(react@18.3.1)
      '@radix-ui/react-popper': 1.3.2(react-dom@18.3.1(react@18.3.1))(react@18.3.1)
      '@radix-ui/react-portal': 1.1.13(react-dom@18.3.1(react@18.3.1))(react@18.3.1)
      '@radix-ui/react-presence': 1.1.6(react-dom@18.3.1(react@18.3.1))(react@18.3.1)
      '@radix-ui/react-primitive': 2.1.7(react-dom@18.3.1(react@18.3.1))(react@18.3.1)
      '@radix-ui/react-slot': 1.3.0(react@18.3.1)
      '@radix-ui/react-use-callback-ref': 1.1.2(react@18.3.1)
      '@radix-ui/react-use-controllable-state': 1.2.3(react@18.3.1)
      '@radix-ui/react-use-layout-effect': 1.1.2(react@18.3.1)
      '@radix-ui/react-use-previous': 1.1.2(react@18.3.1)
      '@radix-ui/react-visually-hidden': 1.2.7(react-dom@18.3.1(react@18.3.1))(react@18.3.1)
      aria-hidden: 1.2.6
      react: 18.3.1
      react-dom: 18.3.1(react@18.3.1)
      react-remove-scroll: 2.7.2(react@18.3.1)

  '@radix-ui/react-separator@1.1.11(react-dom@18.3.1(react@18.3.1))(react@18.3.1)':
    dependencies:
      '@radix-ui/react-primitive': 2.1.7(react-dom@18.3.1(react@18.3.1))(react@18.3.1)
      react: 18.3.1
      react-dom: 18.3.1(react@18.3.1)

  '@radix-ui/react-slot@1.3.0(react@18.3.1)':
    dependencies:
      '@radix-ui/react-compose-refs': 1.1.3(react@18.3.1)
      react: 18.3.1

  '@radix-ui/react-switch@1.3.2(react-dom@18.3.1(react@18.3.1))(react@18.3.1)':
    dependencies:
      '@radix-ui/primitive': 1.1.4
      '@radix-ui/react-compose-refs': 1.1.3(react@18.3.1)
      '@radix-ui/react-context': 1.1.4(react@18.3.1)
      '@radix-ui/react-primitive': 2.1.7(react-dom@18.3.1(react@18.3.1))(react@18.3.1)
      '@radix-ui/react-use-controllable-state': 1.2.3(react@18.3.1)
      '@radix-ui/react-use-previous': 1.1.2(react@18.3.1)
      '@radix-ui/react-use-size': 1.1.2(react@18.3.1)
      react: 18.3.1
      react-dom: 18.3.1(react@18.3.1)

  '@radix-ui/react-tooltip@1.2.11(react-dom@18.3.1(react@18.3.1))(react@18.3.1)':
    dependencies:
      '@radix-ui/primitive': 1.1.4
      '@radix-ui/react-compose-refs': 1.1.3(react@18.3.1)
      '@radix-ui/react-context': 1.1.4(react@18.3.1)
      '@radix-ui/react-dismissable-layer': 1.1.14(react-dom@18.3.1(react@18.3.1))(react@18.3.1)
      '@radix-ui/react-id': 1.1.2(react@18.3.1)
      '@radix-ui/react-popper': 1.3.2(react-dom@18.3.1(react@18.3.1))(react@18.3.1)
      '@radix-ui/react-portal': 1.1.13(react-dom@18.3.1(react@18.3.1))(react@18.3.1)
      '@radix-ui/react-presence': 1.1.6(react-dom@18.3.1(react@18.3.1))(react@18.3.1)
      '@radix-ui/react-primitive': 2.1.7(react-dom@18.3.1(react@18.3.1))(react@18.3.1)
      '@radix-ui/react-slot': 1.3.0(react@18.3.1)
      '@radix-ui/react-use-controllable-state': 1.2.3(react@18.3.1)
      '@radix-ui/react-visually-hidden': 1.2.7(react-dom@18.3.1(react@18.3.1))(react@18.3.1)
      react: 18.3.1
      react-dom: 18.3.1(react@18.3.1)

  '@radix-ui/react-use-callback-ref@1.1.2(react@18.3.1)':
    dependencies:
      react: 18.3.1

  '@radix-ui/react-use-controllable-state@1.2.3(react@18.3.1)':
    dependencies:
      '@radix-ui/react-use-effect-event': 0.0.3(react@18.3.1)
      '@radix-ui/react-use-layout-effect': 1.1.2(react@18.3.1)
      react: 18.3.1

  '@radix-ui/react-use-effect-event@0.0.3(react@18.3.1)':
    dependencies:
      '@radix-ui/react-use-layout-effect': 1.1.2(react@18.3.1)
      react: 18.3.1

  '@radix-ui/react-use-layout-effect@1.1.2(react@18.3.1)':
    dependencies:
      react: 18.3.1

  '@radix-ui/react-use-previous@1.1.2(react@18.3.1)':
    dependencies:
      react: 18.3.1

  '@radix-ui/react-use-rect@1.1.2(react@18.3.1)':
    dependencies:
      '@radix-ui/rect': 1.1.2
      react: 18.3.1

  '@radix-ui/react-use-size@1.1.2(react@18.3.1)':
    dependencies:
      '@radix-ui/react-use-layout-effect': 1.1.2(react@18.3.1)
      react: 18.3.1

  '@radix-ui/react-visually-hidden@1.2.7(react-dom@18.3.1(react@18.3.1))(react@18.3.1)':
    dependencies:
      '@radix-ui/react-primitive': 2.1.7(react-dom@18.3.1(react@18.3.1))(react@18.3.1)
      react: 18.3.1
      react-dom: 18.3.1(react@18.3.1)

  '@radix-ui/rect@1.1.2': {}

  aria-hidden@1.2.6:
    dependencies:
      tslib: 2.8.1

  detect-node-es@1.1.0: {}

  get-nonce@1.0.1: {}

  js-tokens@4.0.0: {}

  loose-envify@1.4.0:
    dependencies:
      js-tokens: 4.0.0

  react-dom@18.3.1(react@18.3.1):
    dependencies:
      loose-envify: 1.4.0
      react: 18.3.1
      scheduler: 0.23.2

  react-remove-scroll-bar@2.3.8(react@18.3.1):
    dependencies:
      react: 18.3.1
      react-style-singleton: 2.2.3(react@18.3.1)
      tslib: 2.8.1

  react-remove-scroll@2.7.2(react@18.3.1):
    dependencies:
      react: 18.3.1
      react-remove-scroll-bar: 2.3.8(react@18.3.1)
      react-style-singleton: 2.2.3(react@18.3.1)
      tslib: 2.8.1
      use-callback-ref: 1.3.3(react@18.3.1)
      use-sidecar: 1.1.3(react@18.3.1)

  react-style-singleton@2.2.3(react@18.3.1):
    dependencies:
      get-nonce: 1.0.1
      react: 18.3.1
      tslib: 2.8.1

  react@18.3.1:
    dependencies:
      loose-envify: 1.4.0

  scheduler@0.23.2:
    dependencies:
      loose-envify: 1.4.0

  tslib@2.8.1: {}

  use-callback-ref@1.3.3(react@18.3.1):
    dependencies:
      react: 18.3.1
      tslib: 2.8.1

  use-sidecar@1.1.3(react@18.3.1):
    dependencies:
      detect-node-es: 1.1.0
      react: 18.3.1
      tslib: 2.8.1
